
Microsoft Visual Studio Solution File, Format Version 12.00
# Visual Studio Version 16
VisualStudioVersion = 16.0.31129.286
MinimumVisualStudioVersion = 10.0.40219.1
Project("{FAE04EC0-301F-11D3-BF4B-00C04F79EFBC}") = "Öğrenci ve ders kayıt", "YazOkulu\Öğrenci ve ders kayıt.csproj", "{81090C1F-E7C7-4E8A-B509-09BF910126F6}"
EndProject
Project("{FAE04EC0-301F-11D3-BF4B-00C04F79EFBC}") = "entity", "entity\entity.csproj", "{62E76040-7AB8-4511-A67C-8BF072A5BBA7}"
EndProject
Project("{FAE04EC0-301F-11D3-BF4B-00C04F79EFBC}") = "DataAccessLayer", "DataAccessLayer\DataAccessLayer.csproj", "{3D1A1D45-8338-4359-9F2D-42B603F0C5E9}"
EndProject
Project("{FAE04EC0-301F-11D3-BF4B-00C04F79EFBC}") = "BusinessLogicLayer", "BusinessLogicLayer\BusinessLogicLayer.csproj", "{73BF270F-8761-46EB-8A30-777AC4C5ECCD}"
EndProject
Global
	GlobalSection(SolutionConfigurationPlatforms) = preSolution
		Debug|Any CPU = Debug|Any CPU
		Release|Any CPU = Release|Any CPU
	EndGlobalSection
	GlobalSection(ProjectConfigurationPlatforms) = postSolution
		{81090C1F-E7C7-4E8A-B509-09BF910126F6}.Debug|Any CPU.ActiveCfg = Debug|Any CPU
		{81090C1F-E7C7-4E8A-B509-09BF910126F6}.Debug|Any CPU.Build.0 = Debug|Any CPU
		{81090C1F-E7C7-4E8A-B509-09BF910126F6}.Release|Any CPU.ActiveCfg = Release|Any CPU
		{81090C1F-E7C7-4E8A-B509-09BF910126F6}.Release|Any CPU.Build.0 = Release|Any CPU
		{62E76040-7AB8-4511-A67C-8BF072A5BBA7}.Debug|Any CPU.ActiveCfg = Debug|Any CPU
		{62E76040-7AB8-4511-A67C-8BF072A5BBA7}.Debug|Any CPU.Build.0 = Debug|Any CPU
		{62E76040-7AB8-4511-A67C-8BF072A5BBA7}.Release|Any CPU.ActiveCfg = Release|Any CPU
		{62E76040-7AB8-4511-A67C-8BF072A5BBA7}.Release|Any CPU.Build.0 = Release|Any CPU
		{3D1A1D45-8338-4359-9F2D-42B603F0C5E9}.Debug|Any CPU.ActiveCfg = Debug|Any CPU
		{3D1A1D45-8338-4359-9F2D-42B603F0C5E9}.Debug|Any CPU.Build.0 = Debug|Any CPU
		{3D1A1D45-8338-4359-9F2D-42B603F0C5E9}.Release|Any CPU.ActiveCfg = Release|Any CPU
		{3D1A1D45-8338-4359-9F2D-42B603F0C5E9}.Release|Any CPU.Build.0 = Release|Any CPU
		{73BF270F-8761-46EB-8A30-777AC4C5ECCD}.Debug|Any CPU.ActiveCfg = Debug|Any CPU
		{73BF270F-8761-46EB-8A30-777AC4C5ECCD}.Debug|Any CPU.Build.0 = Debug|Any CPU
		{73BF270F-8761-46EB-8A30-777AC4C5ECCD}.Release|Any CPU.ActiveCfg = Release|Any CPU
		{73BF270F-8761-46EB-8A30-777AC4C5ECCD}.Release|Any CPU.Build.0 = Release|Any CPU
	EndGlobalSection
	GlobalSection(SolutionProperties) = preSolution
		HideSolutionNode = FALSE
	EndGlobalSection
	GlobalSection(ExtensibilityGlobals) = postSolution
		SolutionGuid = {444EC5DE-4BFD-409B-B407-C13B36C4D46E}
	EndGlobalSection
EndGlobal
